
Microsoft Visual Studio Solution File, Format Version 12.00
# Visual Studio Version 17
VisualStudioVersion = 17.2.32630.192
MinimumVisualStudioVersion = 10.0.40219.1
Project("{9A19103F-16F7-4668-BE54-9A1E7A4F7556}") = "Hospital_Management _System", "Hospital_Management _System\Hospital_Management _System.csproj", "{52622237-EEA5-433B-BAD5-56239B678280}"
EndProject
Global
	GlobalSection(SolutionConfigurationPlatforms) = preSolution
		Debug|Any CPU = Debug|Any CPU
		Release|Any CPU = Release|Any CPU
	EndGlobalSection
	GlobalSection(ProjectConfigurationPlatforms) = postSolution
		{52622237-EEA5-433B-BAD5-56239B678280}.Debug|Any CPU.ActiveCfg = Debug|Any CPU
		{52622237-EEA5-433B-BAD5-56239B678280}.Debug|Any CPU.Build.0 = Debug|Any CPU
		{52622237-EEA5-433B-BAD5-56239B678280}.Release|Any CPU.ActiveCfg = Release|Any CPU
		{52622237-EEA5-433B-BAD5-56239B678280}.Release|Any CPU.Build.0 = Release|Any CPU
	EndGlobalSection
	GlobalSection(SolutionProperties) = preSolution
		HideSolutionNode = FALSE
	EndGlobalSection
	GlobalSection(ExtensibilityGlobals) = postSolution
		SolutionGuid = {91AD3823-559E-49B0-A889-FF6CB40F4A26}
	EndGlobalSection
EndGlobal
